
Microsoft Visual Studio Solution File, Format Version 12.00
# Visual Studio Version 16
VisualStudioVersion = 16.0.31702.278
MinimumVisualStudioVersion = 10.0.40219.1
Project("{FAE04EC0-301F-11D3-BF4B-00C04F79EFBC}") = "Lab5WpfApp", "Lab5WpfApp\Lab5WpfApp.csproj", "{3D4D92DE-4DBE-499B-BDD4-0B9E8AFF184C}"
EndProject
Global
	GlobalSection(SolutionConfigurationPlatforms) = preSolution
		Debug|Any CPU = Debug|Any CPU
		Release|Any CPU = Release|Any CPU
	EndGlobalSection
	GlobalSection(ProjectConfigurationPlatforms) = postSolution
		{3D4D92DE-4DBE-499B-BDD4-0B9E8AFF184C}.Debug|Any CPU.ActiveCfg = Debug|Any CPU
		{3D4D92DE-4DBE-499B-BDD4-0B9E8AFF184C}.Debug|Any CPU.Build.0 = Debug|Any CPU
		{3D4D92DE-4DBE-499B-BDD4-0B9E8AFF184C}.Release|Any CPU.ActiveCfg = Release|Any CPU
		{3D4D92DE-4DBE-499B-BDD4-0B9E8AFF184C}.Release|Any CPU.Build.0 = Release|Any CPU
	EndGlobalSection
	GlobalSection(SolutionProperties) = preSolution
		HideSolutionNode = FALSE
	EndGlobalSection
	GlobalSection(ExtensibilityGlobals) = postSolution
		SolutionGuid = {2FC6E846-2A91-4265-B537-235F0463640C}
	EndGlobalSection
EndGlobal
